// !$*UTF8*$!
{
	archiveVersion = 1;
	classes = {
	};
	objectVersion = 46;
	objects = {

/* Begin PBXBuildFile section */
		DC7F26DB1B8FDB9B00D6DBA4 /* AppDelegate.swift in Sources */ = {isa = PBXBuildFile; fileRef = DC7F26DA1B8FDB9B00D6DBA4 /* AppDelegate.swift */; };
		DC7F26DD1B8FDB9B00D6DBA4 /* ViewController.swift in Sources */ = {isa = PBXBuildFile; fileRef = DC7F26DC1B8FDB9B00D6DBA4 /* ViewController.swift */; };
		DC7F26E01B8FDB9B00D6DBA4 /* Main.storyboard in Resources */ = {isa = PBXBuildFile; fileRef = DC7F26DE1B8FDB9B00D6DBA4 /* Main.storyboard */; };
		DC7F26E21B8FDB9B00D6DBA4 /* Images.xcassets in Resources */ = {isa = PBXBuildFile; fileRef = DC7F26E11B8FDB9B00D6DBA4 /* Images.xcassets */; };
		DC7F26E51B8FDB9B00D6DBA4 /* LaunchScreen.xib in Resources */ = {isa = PBXBuildFile; fileRef = DC7F26E31B8FDB9B00D6DBA4 /* LaunchScreen.xib */; };
		DC7F26F11B8FDB9B00D6DBA4 /* AutoSizingTextFieldTests.swift in Sources */ = {isa = PBXBuildFile; fileRef = DC7F26F01B8FDB9B00D6DBA4 /* AutoSizingTextFieldTests.swift */; };
		DC7F26FB1B8FDC8E00D6DBA4 /* Container.swift in Sources */ = {isa = PBXBuildFile; fileRef = DC7F26FA1B8FDC8E00D6DBA4 /* Container.swift */; };
/* End PBXBuildFile section */

/* Begin PBXContainerItemProxy section */
		DC7F26EB1B8FDB9B00D6DBA4 /* PBXContainerItemProxy */ = {
			isa = PBXContainerItemProxy;
			containerPortal = DC7F26CD1B8FDB9B00D6DBA4 /* Project object */;
			proxyType = 1;
			remoteGlobalIDString = DC7F26D41B8FDB9B00D6DBA4;
			remoteInfo = AutoSizingTextField;
		};
/* End PBXContainerItemProxy section */

/* Begin PBXFileReference section */
		DC7F26D51B8FDB9B00D6DBA4 /* AutoSizingTextField.app */ = {isa = PBXFileReference; explicitFileType = wrapper.application; includeInIndex = 0; path = AutoSizingTextField.app; sourceTree = BUILT_PRODUCTS_DIR; };
		DC7F26D91B8FDB9B00D6DBA4 /* Info.plist */ = {isa = PBXFileReference; lastKnownFileType = text.plist.xml; path = Info.plist; sourceTree = "<group>"; };
		DC7F26DA1B8FDB9B00D6DBA4 /* AppDelegate.swift */ = {isa = PBXFileReference; lastKnownFileType = sourcecode.swift; path = AppDelegate.swift; sourceTree = "<group>"; };
		DC7F26DC1B8FDB9B00D6DBA4 /* ViewController.swift */ = {isa = PBXFileReference; lastKnownFileType = sourcecode.swift; path = ViewController.swift; sourceTree = "<group>"; };
		DC7F26DF1B8FDB9B00D6DBA4 /* Base */ = {isa = PBXFileReference; lastKnownFileType = file.storyboard; name = Base; path = Base.lproj/Main.storyboard; sourceTree = "<group>"; };
		DC7F26E11B8FDB9B00D6DBA4 /* Images.xcassets */ = {isa = PBXFileReference; lastKnownFileType = folder.assetcatalog; path = Images.xcassets; sourceTree = "<group>"; };
		DC7F26E41B8FDB9B00D6DBA4 /* Base */ = {isa = PBXFileReference; lastKnownFileType = file.xib; name = Base; path = Base.lproj/LaunchScreen.xib; sourceTree = "<group>"; };
		DC7F26EA1B8FDB9B00D6DBA4 /* AutoSizingTextFieldTests.xctest */ = {isa = PBXFileReference; explicitFileType = wrapper.cfbundle; includeInIndex = 0; path = AutoSizingTextFieldTests.xctest; sourceTree = BUILT_PRODUCTS_DIR; };
		DC7F26EF1B8FDB9B00D6DBA4 /* Info.plist */ = {isa = PBXFileReference; lastKnownFileType = text.plist.xml; path = Info.plist; sourceTree = "<group>"; };
		DC7F26F01B8FDB9B00D6DBA4 /* AutoSizingTextFieldTests.swift */ = {isa = PBXFileReference; lastKnownFileType = sourcecode.swift; path = AutoSizingTextFieldTests.swift; sourceTree = "<group>"; };
		DC7F26FA1B8FDC8E00D6DBA4 /* Container.swift */ = {isa = PBXFileReference; fileEncoding = 4; lastKnownFileType = sourcecode.swift; path = Container.swift; sourceTree = "<group>"; };
/* End PBXFileReference section */

/* Begin PBXFrameworksBuildPhase section */
		DC7F26D21B8FDB9B00D6DBA4 /* Frameworks */ = {
			isa = PBXFrameworksBuildPhase;
			buildActionMask = 2147483647;
			files = (
			);
			runOnlyForDeploymentPostprocessing = 0;
		};
		DC7F26E71B8FDB9B00D6DBA4 /* Frameworks */ = {
			isa = PBXFrameworksBuildPhase;
			buildActionMask = 2147483647;
			files = (
			);
			runOnlyForDeploymentPostprocessing = 0;
		};
/* End PBXFrameworksBuildPhase section */

/* Begin PBXGroup section */
		DC7F26CC1B8FDB9B00D6DBA4 = {
			isa = PBXGroup;
			children = (
				DC7F26D71B8FDB9B00D6DBA4 /* AutoSizingTextField */,
				DC7F26ED1B8FDB9B00D6DBA4 /* AutoSizingTextFieldTests */,
				DC7F26D61B8FDB9B00D6DBA4 /* Products */,
			);
			sourceTree = "<group>";
		};
		DC7F26D61B8FDB9B00D6DBA4 /* Products */ = {
			isa = PBXGroup;
			children = (
				DC7F26D51B8FDB9B00D6DBA4 /* AutoSizingTextField.app */,
				DC7F26EA1B8FDB9B00D6DBA4 /* AutoSizingTextFieldTests.xctest */,
			);
			name = Products;
			sourceTree = "<group>";
		};
		DC7F26D71B8FDB9B00D6DBA4 /* AutoSizingTextField */ = {
			isa = PBXGroup;
			children = (
				DC7F26FA1B8FDC8E00D6DBA4 /* Container.swift */,
				DC7F26DA1B8FDB9B00D6DBA4 /* AppDelegate.swift */,
				DC7F26DC1B8FDB9B00D6DBA4 /* ViewController.swift */,
				DC7F26DE1B8FDB9B00D6DBA4 /* Main.storyboard */,
				DC7F26E11B8FDB9B00D6DBA4 /* Images.xcassets */,
				DC7F26E31B8FDB9B00D6DBA4 /* LaunchScreen.xib */,
				DC7F26D81B8FDB9B00D6DBA4 /* Supporting Files */,
			);
			path = AutoSizingTextField;
			sourceTree = "<group>";
		};
		DC7F26D81B8FDB9B00D6DBA4 /* Supporting Files */ = {
			isa = PBXGroup;
			children = (
				DC7F26D91B8FDB9B00D6DBA4 /* Info.plist */,
			);
			name = "Supporting Files";
			sourceTree = "<group>";
		};
		DC7F26ED1B8FDB9B00D6DBA4 /* AutoSizingTextFieldTests */ = {
			isa = PBXGroup;
			children = (
				DC7F26F01B8FDB9B00D6DBA4 /* AutoSizingTextFieldTests.swift */,
				DC7F26EE1B8FDB9B00D6DBA4 /* Supporting Files */,
			);
			path = AutoSizingTextFieldTests;
			sourceTree = "<group>";
		};
		DC7F26EE1B8FDB9B00D6DBA4 /* Supporting Files */ = {
			isa = PBXGroup;
			children = (
				DC7F26EF1B8FDB9B00D6DBA4 /* Info.plist */,
			);
			name = "Supporting Files";
			sourceTree = "<group>";
		};
/* End PBXGroup section */

/* Begin PBXNativeTarget section */
		DC7F26D41B8FDB9B00D6DBA4 /* AutoSizingTextField */ = {
			isa = PBXNativeTarget;
			buildConfigurationList = DC7F26F41B8FDB9B00D6DBA4 /* Build configuration list for PBXNativeTarget "AutoSizingTextField" */;
			buildPhases = (
				DC7F26D11B8FDB9B00D6DBA4 /* Sources */,
				DC7F26D21B8FDB9B00D6DBA4 /* Frameworks */,
				DC7F26D31B8FDB9B00D6DBA4 /* Resources */,
			);
			buildRules = (
			);
			dependencies = (
			);
			name = AutoSizingTextField;
			productName = AutoSizingTextField;
			productReference = DC7F26D51B8FDB9B00D6DBA4 /* AutoSizingTextField.app */;
			productType = "com.apple.product-type.application";
		};
		DC7F26E91B8FDB9B00D6DBA4 /* AutoSizingTextFieldTests */ = {
			isa = PBXNativeTarget;
			buildConfigurationList = DC7F26F71B8FDB9B00D6DBA4 /* Build configuration list for PBXNativeTarget "AutoSizingTextFieldTests" */;
			buildPhases = (
				DC7F26E61B8FDB9B00D6DBA4 /* Sources */,
				DC7F26E71B8FDB9B00D6DBA4 /* Frameworks */,
				DC7F26E81B8FDB9B00D6DBA4 /* Resources */,
			);
			buildRules = (
			);
			dependencies = (
				DC7F26EC1B8FDB9B00D6DBA4 /* PBXTargetDependency */,
			);
			name = AutoSizingTextFieldTests;
			productName = AutoSizingTextFieldTests;
			productReference = DC7F26EA1B8FDB9B00D6DBA4 /* AutoSizingTextFieldTests.xctest */;
			productType = "com.apple.product-type.bundle.unit-test";
		};
/* End PBXNativeTarget section */

/* Begin PBXProject section */
		DC7F26CD1B8FDB9B00D6DBA4 /* Project object */ = {
			isa = PBXProject;
			attributes = {
				LastUpgradeCheck = 0640;
				ORGANIZATIONNAME = JasonSeney;
				TargetAttributes = {
					DC7F26D41B8FDB9B00D6DBA4 = {
						CreatedOnToolsVersion = 6.4;
					};
					DC7F26E91B8FDB9B00D6DBA4 = {
						CreatedOnToolsVersion = 6.4;
						TestTargetID = DC7F26D41B8FDB9B00D6DBA4;
					};
				};
			};
			buildConfigurationList = DC7F26D01B8FDB9B00D6DBA4 /* Build configuration list for PBXProject "AutoSizingTextField" */;
			compatibilityVersion = "Xcode 3.2";
			developmentRegion = English;
			hasScannedForEncodings = 0;
			knownRegions = (
				en,
				Base,
			);
			mainGroup = DC7F26CC1B8FDB9B00D6DBA4;
			productRefGroup = DC7F26D61B8FDB9B00D6DBA4 /* Products */;
			projectDirPath = "";
			projectRoot = "";
			targets = (
				DC7F26D41B8FDB9B00D6DBA4 /* AutoSizingTextField */,
				DC7F26E91B8FDB9B00D6DBA4 /* AutoSizingTextFieldTests */,
			);
		};
/* End PBXProject section */

/* Begin PBXResourcesBuildPhase section */
		DC7F26D31B8FDB9B00D6DBA4 /* Resources */ = {
			isa = PBXResourcesBuildPhase;
			buildActionMask = 2147483647;
			files = (
				DC7F26E01B8FDB9B00D6DBA4 /* Main.storyboard in Resources */,
				DC7F26E51B8FDB9B00D6DBA4 /* LaunchScreen.xib in Resources */,
				DC7F26E21B8FDB9B00D6DBA4 /* Images.xcassets in Resources */,
			);
			runOnlyForDeploymentPostprocessing = 0;
		};
		DC7F26E81B8FDB9B00D6DBA4 /* Resources */ = {
			isa = PBXResourcesBuildPhase;
			buildActionMask = 2147483647;
			files = (
			);
			runOnlyForDeploymentPostprocessing = 0;
		};
/* End PBXResourcesBuildPhase section */

/* Begin PBXSourcesBuildPhase section */
		DC7F26D11B8FDB9B00D6DBA4 /* Sources */ = {
			isa = PBXSourcesBuildPhase;
			buildActionMask = 2147483647;
			files = (
				DC7F26DD1B8FDB9B00D6DBA4 /* ViewController.swift in Sources */,
				DC7F26FB1B8FDC8E00D6DBA4 /* Container.swift in Sources */,
				DC7F26DB1B8FDB9B00D6DBA4 /* AppDelegate.swift in Sources */,
			);
			runOnlyForDeploymentPostprocessing = 0;
		};
		DC7F26E61B8FDB9B00D6DBA4 /* Sources */ = {
			isa = PBXSourcesBuildPhase;
			buildActionMask = 2147483647;
			files = (
				DC7F26F11B8FDB9B00D6DBA4 /* AutoSizingTextFieldTests.swift in Sources */,
			);
			runOnlyForDeploymentPostprocessing = 0;
		};
/* End PBXSourcesBuildPhase section */

/* Begin PBXTargetDependency section */
		DC7F26EC1B8FDB9B00D6DBA4 /* PBXTargetDependency */ = {
			isa = PBXTargetDependency;
			target = DC7F26D41B8FDB9B00D6DBA4 /* AutoSizingTextField */;
			targetProxy = DC7F26EB1B8FDB9B00D6DBA4 /* PBXContainerItemProxy */;
		};
/* End PBXTargetDependency section */

/* Begin PBXVariantGroup section */
		DC7F26DE1B8FDB9B00D6DBA4 /* Main.storyboard */ = {
			isa = PBXVariantGroup;
			children = (
				DC7F26DF1B8FDB9B00D6DBA4 /* Base */,
			);
			name = Main.storyboard;
			sourceTree = "<group>";
		};
		DC7F26E31B8FDB9B00D6DBA4 /* LaunchScreen.xib */ = {
			isa = PBXVariantGroup;
			children = (
				DC7F26E41B8FDB9B00D6DBA4 /* Base */,
			);
			name = LaunchScreen.xib;
			sourceTree = "<group>";
		};
/* End PBXVariantGroup section */

/* Begin XCBuildConfiguration section */
		DC7F26F21B8FDB9B00D6DBA4 /* Debug */ = {
			isa = XCBuildConfiguration;
			buildSettings = {
				ALWAYS_SEARCH_USER_PATHS = NO;
				CLANG_CXX_LANGUAGE_STANDARD = "gnu++0x";
				CLANG_CXX_LIBRARY = "libc++";
				CLANG_ENABLE_MODULES = YES;
				CLANG_ENABLE_OBJC_ARC = YES;
				CLANG_WARN_BOOL_CONVERSION = YES;
				CLANG_WARN_CONSTANT_CONVERSION = YES;
				CLANG_WARN_DIRECT_OBJC_ISA_USAGE = YES_ERROR;
				CLANG_WARN_EMPTY_BODY = YES;
				CLANG_WARN_ENUM_CONVERSION = YES;
				CLANG_WARN_INT_CONVERSION = YES;
				CLANG_WARN_OBJC_ROOT_CLASS = YES_ERROR;
				CLANG_WARN_UNREACHABLE_CODE = YES;
				CLANG_WARN__DUPLICATE_METHOD_MATCH = YES;
				"CODE_SIGN_IDENTITY[sdk=iphoneos*]" = "iPhone Developer";
				COPY_PHASE_STRIP = NO;
				DEBUG_INFORMATION_FORMAT = "dwarf-with-dsym";
				ENABLE_STRICT_OBJC_MSGSEND = YES;
				GCC_C_LANGUAGE_STANDARD = gnu99;
				GCC_DYNAMIC_NO_PIC = NO;
				GCC_NO_COMMON_BLOCKS = YES;
				GCC_OPTIMIZATION_LEVEL = 0;
				GCC_PREPROCESSOR_DEFINITIONS = (
					"DEBUG=1",
					"$(inherited)",
				);
				GCC_SYMBOLS_PRIVATE_EXTERN = NO;
				GCC_WARN_64_TO_32_BIT_CONVERSION = YES;
				GCC_WARN_ABOUT_RETURN_TYPE = YES_ERROR;
				GCC_WARN_UNDECLARED_SELECTOR = YES;
				GCC_WARN_UNINITIALIZED_AUTOS = YES_AGGRESSIVE;
				GCC_WARN_UNUSED_FUNCTION = YES;
				GCC_WARN_UNUSED_VARIABLE = YES;
				IPHONEOS_DEPLOYMENT_TARGET = 8.4;
				MTL_ENABLE_DEBUG_INFO = YES;
				ONLY_ACTIVE_ARCH = YES;
				SDKROOT = iphoneos;
				SWIFT_OPTIMIZATION_LEVEL = "-Onone";
				TARGETED_DEVICE_FAMILY = "1,2";
			};
			name = Debug;
		};
		DC7F26F31B8FDB9B00D6DBA4 /* Release */ = {
			isa = XCBuildConfiguration;
			buildSettings = {
				ALWAYS_SEARCH_USER_PATHS = NO;
				CLANG_CXX_LANGUAGE_STANDARD = "gnu++0x";
				CLANG_CXX_LIBRARY = "libc++";
				CLANG_ENABLE_MODULES = YES;
				CLANG_ENABLE_OBJC_ARC = YES;
				CLANG_WARN_BOOL_CONVERSION = YES;
				CLANG_WARN_CONSTANT_CONVERSION = YES;
				CLANG_WARN_DIRECT_OBJC_ISA_USAGE = YES_ERROR;
				CLANG_WARN_EMPTY_BODY = YES;
				CLANG_WARN_ENUM_CONVERSION = YES;
				CLANG_WARN_INT_CONVERSION = YES;
				CLANG_WARN_OBJC_ROOT_CLASS = YES_ERROR;
				CLANG_WARN_UNREACHABLE_CODE = YES;
				CLANG_WARN__DUPLICATE_METHOD_MATCH = YES;
				"CODE_SIGN_IDENTITY[sdk=iphoneos*]" = "iPhone Developer";
				COPY_PHASE_STRIP = NO;
				DEBUG_INFORMATION_FORMAT = "dwarf-with-dsym";
				ENABLE_NS_ASSERTIONS = NO;
				ENABLE_STRICT_OBJC_MSGSEND = YES;
				GCC_C_LANGUAGE_STANDARD = gnu99;
				GCC_NO_COMMON_BLOCKS = YES;
				GCC_WARN_64_TO_32_BIT_CONVERSION = YES;
				GCC_WARN_ABOUT_RETURN_TYPE = YES_ERROR;
				GCC_WARN_UNDECLARED_SELECTOR = YES;
				GCC_WARN_UNINITIALIZED_AUTOS = YES_AGGRESSIVE;
				GCC_WARN_UNUSED_FUNCTION = YES;
				GCC_WARN_UNUSED_VARIABLE = YES;
				IPHONEOS_DEPLOYMENT_TARGET = 8.4;
				MTL_ENABLE_DEBUG_INFO = NO;
				SDKROOT = iphoneos;
				TARGETED_DEVICE_FAMILY = "1,2";
				VALIDATE_PRODUCT = YES;
			};
			name = Release;
		};
		DC7F26F51B8FDB9B00D6DBA4 /* Debug */ = {
			isa = XCBuildConfiguration;
			buildSettings = {
				ASSETCATALOG_COMPILER_APPICON_NAME = AppIcon;
				INFOPLIST_FILE = AutoSizingTextField/Info.plist;
				LD_RUNPATH_SEARCH_PATHS = "$(inherited) @executable_path/Frameworks";
				PRODUCT_NAME = "$(TARGET_NAME)";
			};
			name = Debug;
		};
		DC7F26F61B8FDB9B00D6DBA4 /* Release */ = {
			isa = XCBuildConfiguration;
			buildSettings = {
				ASSETCATALOG_COMPILER_APPICON_NAME = AppIcon;
				INFOPLIST_FILE = AutoSizingTextField/Info.plist;
				LD_RUNPATH_SEARCH_PATHS = "$(inherited) @executable_path/Frameworks";
				PRODUCT_NAME = "$(TARGET_NAME)";
			};
			name = Release;
		};
		DC7F26F81B8FDB9B00D6DBA4 /* Debug */ = {
			isa = XCBuildConfiguration;
			buildSettings = {
				BUNDLE_LOADER = "$(TEST_HOST)";
				FRAMEWORK_SEARCH_PATHS = (
					"$(SDKROOT)/Developer/Library/Frameworks",
					"$(inherited)",
				);
				GCC_PREPROCESSOR_DEFINITIONS = (
					"DEBUG=1",
					"$(inherited)",
				);
				INFOPLIST_FILE = AutoSizingTextFieldTests/Info.plist;
				LD_RUNPATH_SEARCH_PATHS = "$(inherited) @executable_path/Frameworks @loader_path/Frameworks";
				PRODUCT_NAME = "$(TARGET_NAME)";
				TEST_HOST = "$(BUILT_PRODUCTS_DIR)/AutoSizingTextField.app/AutoSizingTextField";
			};
			name = Debug;
		};
		DC7F26F91B8FDB9B00D6DBA4 /* Release */ = {
			isa = XCBuildConfiguration;
			buildSettings = {
				BUNDLE_LOADER = "$(TEST_HOST)";
				FRAMEWORK_SEARCH_PATHS = (
					"$(SDKROOT)/Developer/Library/Frameworks",
					"$(inherited)",
				);
				INFOPLIST_FILE = AutoSizingTextFieldTests/Info.plist;
				LD_RUNPATH_SEARCH_PATHS = "$(inherited) @executable_path/Frameworks @loader_path/Frameworks";
				PRODUCT_NAME = "$(TARGET_NAME)";
				TEST_HOST = "$(BUILT_PRODUCTS_DIR)/AutoSizingTextField.app/AutoSizingTextField";
			};
			name = Release;
		};
/* End XCBuildConfiguration section */

/* Begin XCConfigurationList section */
		DC7F26D01B8FDB9B00D6DBA4 /* Build configuration list for PBXProject "AutoSizingTextField" */ = {
			isa = XCConfigurationList;
			buildConfigurations = (
				DC7F26F21B8FDB9B00D6DBA4 /* Debug */,
				DC7F26F31B8FDB9B00D6DBA4 /* Release */,
			);
			defaultConfigurationIsVisible = 0;
			defaultConfigurationName = Release;
		};
		DC7F26F41B8FDB9B00D6DBA4 /* Build configuration list for PBXNativeTarget "AutoSizingTextField" */ = {
			isa = XCConfigurationList;
			buildConfigurations = (
				DC7F26F51B8FDB9B00D6DBA4 /* Debug */,
				DC7F26F61B8FDB9B00D6DBA4 /* Release */,
			);
			defaultConfigurationIsVisible = 0;
			defaultConfigurationName = Release;
		};
		DC7F26F71B8FDB9B00D6DBA4 /* Build configuration list for PBXNativeTarget "AutoSizingTextFieldTests" */ = {
			isa = XCConfigurationList;
			buildConfigurations = (
				DC7F26F81B8FDB9B00D6DBA4 /* Debug */,
				DC7F26F91B8FDB9B00D6DBA4 /* Release */,
			);
			defaultConfigurationIsVisible = 0;
			defaultConfigurationName = Release;
		};
/* End XCConfigurationList section */
	};
	rootObject = DC7F26CD1B8FDB9B00D6DBA4 /* Project object */;
}
